
Microsoft Visual Studio Solution File, Format Version 12.00
# Visual Studio Version 17
VisualStudioVersion = 17.14.36203.30
MinimumVisualStudioVersion = 10.0.40219.1
Project("{FAE04EC0-301F-11D3-BF4B-00C04F79EFBC}") = "street", "street.csproj", "{07C7C808-64C5-48BE-8965-84121C7F834D}"
EndProject
Global
	GlobalSection(SolutionConfigurationPlatforms) = preSolution
		Debug|Any CPU = Debug|Any CPU
		Release|Any CPU = Release|Any CPU
	EndGlobalSection
	GlobalSection(ProjectConfigurationPlatforms) = postSolution
		{07C7C808-64C5-48BE-8965-84121C7F834D}.Debug|Any CPU.ActiveCfg = Debug|Any CPU
		{07C7C808-64C5-48BE-8965-84121C7F834D}.Debug|Any CPU.Build.0 = Debug|Any CPU
		{07C7C808-64C5-48BE-8965-84121C7F834D}.Release|Any CPU.ActiveCfg = Release|Any CPU
		{07C7C808-64C5-48BE-8965-84121C7F834D}.Release|Any CPU.Build.0 = Release|Any CPU
	EndGlobalSection
	GlobalSection(SolutionProperties) = preSolution
		HideSolutionNode = FALSE
	EndGlobalSection
	GlobalSection(ExtensibilityGlobals) = postSolution
		SolutionGuid = {D64914EE-E553-4644-940D-369527BF3627}
	EndGlobalSection
EndGlobal
